<?xml version="1.0" encoding="utf-8"?>
<Project ToolsVersion="4.0" xmlns="http://schemas.microsoft.com/developer/msbuild/2003">
  <ItemGroup>
    <Filter Include="资源文件">
      <UniqueIdentifier>{67DA6AB6-F800-4c08-8B7A-83BB121AAD01}</UniqueIdentifier>
      <Extensions>rc;ico;cur;bmp;dlg;rc2;rct;bin;rgs;gif;jpg;jpeg;jpe;resx;tiff;tif;png;wav;mfcribbon-ms</Extensions>
    </Filter>
    <Filter Include="network">
      <UniqueIdentifier>{34e36474-0e57-4abf-bccf-715c678e75e2}</UniqueIdentifier>
    </Filter>
    <Filter Include="test">
      <UniqueIdentifier>{fad7214d-f4d3-42e1-b3bc-a0ddf6f3bf5a}</UniqueIdentifier>
    </Filter>
    <Filter Include="crypto">
      <UniqueIdentifier>{d6f44e1d-e4ba-4137-a183-b58fcf836b88}</UniqueIdentifier>
    </Filter>
    <Filter Include="element">
      <UniqueIdentifier>{a094ee0b-13d2-4c2c-9cfe-37af85a79c36}</UniqueIdentifier>
    </Filter>
  </ItemGroup>
  <ItemGroup>
    <ClInclude Include="network\HttpClient.hpp">
      <Filter>network</Filter>
    </ClInclude>
    <ClInclude Include="test\BaseTest.h">
      <Filter>test</Filter>
    </ClInclude>
    <ClInclude Include="test\NetworkTest.h">
      <Filter>test</Filter>
    </ClInclude>
    <ClInclude Include="StringConverter.h" />
    <ClInclude Include="crypto\Padding.hpp">
      <Filter>crypto</Filter>
    </ClInclude>
    <ClInclude Include="crypto\Rsa.hpp">
      <Filter>crypto</Filter>
    </ClInclude>
    <ClInclude Include="crypto\UrlCoding.hpp">
      <Filter>crypto</Filter>
    </ClInclude>
    <ClInclude Include="crypto\Xxhash.hpp">
      <Filter>crypto</Filter>
    </ClInclude>
    <ClInclude Include="crypto\Aes.hpp">
      <Filter>crypto</Filter>
    </ClInclude>
    <ClInclude Include="crypto\Base64.hpp">
      <Filter>crypto</Filter>
    </ClInclude>
    <ClInclude Include="crypto\Curve.hpp">
      <Filter>crypto</Filter>
    </ClInclude>
    <ClInclude Include="crypto\Md5.hpp">
      <Filter>crypto</Filter>
    </ClInclude>
    <ClInclude Include="container\Dict.hpp">
      <Filter>element</Filter>
    </ClInclude>
    <ClInclude Include="container\Elem.hpp">
      <Filter>element</Filter>
    </ClInclude>
    <ClInclude Include="container\List.hpp">
      <Filter>element</Filter>
    </ClInclude>
    <ClInclude Include="test\ElementTest.h" />
    <ClInclude Include="test\CryptoTest.h" />
  </ItemGroup>
  <ItemGroup>
    <ClCompile Include="Main.cpp" />
  </ItemGroup>
</Project>